
Microsoft Visual Studio Solution File, Format Version 12.00
# Visual Studio Version 16
VisualStudioVersion = 16.0.29613.14
MinimumVisualStudioVersion = 10.0.40219.1
Project("{9A19103F-16F7-4668-BE54-9A1E7A4F7556}") = "TCLSHARP", "TCLSHARP.csproj", "{F919081F-374C-41F9-89C7-7FA0464C8497}"
EndProject
Project("{2150E333-8FDC-42A3-9474-1A3956D46DE8}") = "Solution Items", "Solution Items", "{C2002F51-0747-425C-B0B6-A79AF0D1CB00}"
	ProjectSection(SolutionItems) = preProject
		bin\Debug\netcoreapp3.1\game.tcl = bin\Debug\netcoreapp3.1\game.tcl
	EndProjectSection
EndProject
Global
	GlobalSection(SolutionConfigurationPlatforms) = preSolution
		Debug|Any CPU = Debug|Any CPU
		Release|Any CPU = Release|Any CPU
	EndGlobalSection
	GlobalSection(ProjectConfigurationPlatforms) = postSolution
		{F919081F-374C-41F9-89C7-7FA0464C8497}.Debug|Any CPU.ActiveCfg = Debug|Any CPU
		{F919081F-374C-41F9-89C7-7FA0464C8497}.Debug|Any CPU.Build.0 = Debug|Any CPU
		{F919081F-374C-41F9-89C7-7FA0464C8497}.Release|Any CPU.ActiveCfg = Release|Any CPU
		{F919081F-374C-41F9-89C7-7FA0464C8497}.Release|Any CPU.Build.0 = Release|Any CPU
	EndGlobalSection
	GlobalSection(SolutionProperties) = preSolution
		HideSolutionNode = FALSE
	EndGlobalSection
	GlobalSection(ExtensibilityGlobals) = postSolution
		SolutionGuid = {2E2A474F-636F-474E-A155-C96ACE5D9BB2}
	EndGlobalSection
EndGlobal
